
Microsoft Visual Studio Solution File, Format Version 12.00
# Visual Studio Version 17
VisualStudioVersion = 17.0.31903.59
MinimumVisualStudioVersion = 10.0.40219.1
Project("{2150E333-8FDC-42A3-9474-1A3956D46DE8}") = "src", "src", "{C7E700F1-67F5-4D66-8C73-5977A31B25E3}"
EndProject
Project("{FAE04EC0-301F-11D3-BF4B-00C04F79EFBC}") = "blog__dotnet_azure_functions_localization.Web", "src\blog__dotnet_azure_functions_localization.Web\blog__dotnet_azure_functions_localization.Web.csproj", "{69C1AD65-A922-4F50-802E-0AD678B71E37}"
EndProject
Project("{FAE04EC0-301F-11D3-BF4B-00C04F79EFBC}") = "blog__dotnet_azure_functions_localization.Resources", "src\blog__dotnet_azure_functions_localization.Resources\blog__dotnet_azure_functions_localization.Resources.csproj", "{AB2A25B8-39B2-4292-9F5D-02A72DAFD261}"
EndProject
Global
	GlobalSection(SolutionConfigurationPlatforms) = preSolution
		Debug|Any CPU = Debug|Any CPU
		Release|Any CPU = Release|Any CPU
	EndGlobalSection
	GlobalSection(SolutionProperties) = preSolution
		HideSolutionNode = FALSE
	EndGlobalSection
	GlobalSection(ProjectConfigurationPlatforms) = postSolution
		{69C1AD65-A922-4F50-802E-0AD678B71E37}.Debug|Any CPU.ActiveCfg = Debug|Any CPU
		{69C1AD65-A922-4F50-802E-0AD678B71E37}.Debug|Any CPU.Build.0 = Debug|Any CPU
		{69C1AD65-A922-4F50-802E-0AD678B71E37}.Release|Any CPU.ActiveCfg = Release|Any CPU
		{69C1AD65-A922-4F50-802E-0AD678B71E37}.Release|Any CPU.Build.0 = Release|Any CPU
		{AB2A25B8-39B2-4292-9F5D-02A72DAFD261}.Debug|Any CPU.ActiveCfg = Debug|Any CPU
		{AB2A25B8-39B2-4292-9F5D-02A72DAFD261}.Debug|Any CPU.Build.0 = Debug|Any CPU
		{AB2A25B8-39B2-4292-9F5D-02A72DAFD261}.Release|Any CPU.ActiveCfg = Release|Any CPU
		{AB2A25B8-39B2-4292-9F5D-02A72DAFD261}.Release|Any CPU.Build.0 = Release|Any CPU
	EndGlobalSection
	GlobalSection(NestedProjects) = preSolution
		{69C1AD65-A922-4F50-802E-0AD678B71E37} = {C7E700F1-67F5-4D66-8C73-5977A31B25E3}
		{AB2A25B8-39B2-4292-9F5D-02A72DAFD261} = {C7E700F1-67F5-4D66-8C73-5977A31B25E3}
	EndGlobalSection
EndGlobal
